// !$*UTF8*$!
{
	archiveVersion = 1;
	classes = {
	};
	objectVersion = 48;
	objects = {

/* Begin PBXBuildFile section */
		1A34033FCB98693389DE50F7 /* Pods_IotBlueUITests.framework in Frameworks */ = {isa = PBXBuildFile; fileRef = 769BA09C498154AA466B9BC8 /* Pods_IotBlueUITests.framework */; };
		9A1D2CEE22BBADB500C311F3 /* ServiceLayer.swift in Sources */ = {isa = PBXBuildFile; fileRef = 9A1D2CED22BBADB500C311F3 /* ServiceLayer.swift */; };
		9A62848522BA4BC200EDDEBF /* AppDelegate.swift in Sources */ = {isa = PBXBuildFile; fileRef = 9A62848422BA4BC100EDDEBF /* AppDelegate.swift */; };
		9A62848A22BA4BC200EDDEBF /* Main.storyboard in Resources */ = {isa = PBXBuildFile; fileRef = 9A62848822BA4BC200EDDEBF /* Main.storyboard */; };
		9A62848D22BA4BC200EDDEBF /* IotBlue.xcdatamodeld in Sources */ = {isa = PBXBuildFile; fileRef = 9A62848B22BA4BC200EDDEBF /* IotBlue.xcdatamodeld */; };
		9A62848F22BA4BC200EDDEBF /* Assets.xcassets in Resources */ = {isa = PBXBuildFile; fileRef = 9A62848E22BA4BC200EDDEBF /* Assets.xcassets */; };
		9A62849222BA4BC200EDDEBF /* LaunchScreen.storyboard in Resources */ = {isa = PBXBuildFile; fileRef = 9A62849022BA4BC200EDDEBF /* LaunchScreen.storyboard */; };
		9A62849D22BA4BC300EDDEBF /* IotBlueTests.swift in Sources */ = {isa = PBXBuildFile; fileRef = 9A62849C22BA4BC300EDDEBF /* IotBlueTests.swift */; };
		9A6284A822BA4BC400EDDEBF /* IotBlueUITests.swift in Sources */ = {isa = PBXBuildFile; fileRef = 9A6284A722BA4BC400EDDEBF /* IotBlueUITests.swift */; };
		9A6284BA22BA5DEB00EDDEBF /* MapView.swift in Sources */ = {isa = PBXBuildFile; fileRef = 9A6284B922BA5DEB00EDDEBF /* MapView.swift */; };
		9A6284BC22BA5E1800EDDEBF /* BookMarksView.swift in Sources */ = {isa = PBXBuildFile; fileRef = 9A6284BB22BA5E1800EDDEBF /* BookMarksView.swift */; };
		9A6284BE22BA608A00EDDEBF /* DetailsView.swift in Sources */ = {isa = PBXBuildFile; fileRef = 9A6284BD22BA608A00EDDEBF /* DetailsView.swift */; };
		9ACE805322BBBDBB008D73ED /* MapController.swift in Sources */ = {isa = PBXBuildFile; fileRef = 9ACE805222BBBDBB008D73ED /* MapController.swift */; };
		9ACE805522BBC0AC008D73ED /* BookMarksController.swift in Sources */ = {isa = PBXBuildFile; fileRef = 9ACE805422BBC0AC008D73ED /* BookMarksController.swift */; };
		9ACE805722BBC26E008D73ED /* DetailsController.swift in Sources */ = {isa = PBXBuildFile; fileRef = 9ACE805622BBC26E008D73ED /* DetailsController.swift */; };
		9FF21E914D34F5AF7E6FA416 /* Pods_IotBlueTests.framework in Frameworks */ = {isa = PBXBuildFile; fileRef = 7097BFA812C728A9C42DAF71 /* Pods_IotBlueTests.framework */; };
		DC616D4FF8967E91305FF9A5 /* Pods_IotBlue.framework in Frameworks */ = {isa = PBXBuildFile; fileRef = 14E55475EDFCA4DF87B3BADD /* Pods_IotBlue.framework */; };
/* End PBXBuildFile section */

/* Begin PBXContainerItemProxy section */
		9A62849922BA4BC300EDDEBF /* PBXContainerItemProxy */ = {
			isa = PBXContainerItemProxy;
			containerPortal = 9A62847922BA4BC000EDDEBF /* Project object */;
			proxyType = 1;
			remoteGlobalIDString = 9A62848022BA4BC000EDDEBF;
			remoteInfo = IotBlue;
		};
		9A6284A422BA4BC300EDDEBF /* PBXContainerItemProxy */ = {
			isa = PBXContainerItemProxy;
			containerPortal = 9A62847922BA4BC000EDDEBF /* Project object */;
			proxyType = 1;
			remoteGlobalIDString = 9A62848022BA4BC000EDDEBF;
			remoteInfo = IotBlue;
		};
/* End PBXContainerItemProxy section */

/* Begin PBXFileReference section */
		0909F0BE845FA93489BAA0BA /* Pods-IotBlue.release.xcconfig */ = {isa = PBXFileReference; includeInIndex = 1; lastKnownFileType = text.xcconfig; name = "Pods-IotBlue.release.xcconfig"; path = "Pods/Target Support Files/Pods-IotBlue/Pods-IotBlue.release.xcconfig"; sourceTree = "<group>"; };
		14E55475EDFCA4DF87B3BADD /* Pods_IotBlue.framework */ = {isa = PBXFileReference; explicitFileType = wrapper.framework; includeInIndex = 0; path = Pods_IotBlue.framework; sourceTree = BUILT_PRODUCTS_DIR; };
		57159FEAC272C2D374B1A286 /* Pods-IotBlueTests.release.xcconfig */ = {isa = PBXFileReference; includeInIndex = 1; lastKnownFileType = text.xcconfig; name = "Pods-IotBlueTests.release.xcconfig"; path = "Pods/Target Support Files/Pods-IotBlueTests/Pods-IotBlueTests.release.xcconfig"; sourceTree = "<group>"; };
		7097BFA812C728A9C42DAF71 /* Pods_IotBlueTests.framework */ = {isa = PBXFileReference; explicitFileType = wrapper.framework; includeInIndex = 0; path = Pods_IotBlueTests.framework; sourceTree = BUILT_PRODUCTS_DIR; };
		769BA09C498154AA466B9BC8 /* Pods_IotBlueUITests.framework */ = {isa = PBXFileReference; explicitFileType = wrapper.framework; includeInIndex = 0; path = Pods_IotBlueUITests.framework; sourceTree = BUILT_PRODUCTS_DIR; };
		7C08BC5B024BDBC0E78C7CA4 /* Pods-IotBlueTests.debug.xcconfig */ = {isa = PBXFileReference; includeInIndex = 1; lastKnownFileType = text.xcconfig; name = "Pods-IotBlueTests.debug.xcconfig"; path = "Pods/Target Support Files/Pods-IotBlueTests/Pods-IotBlueTests.debug.xcconfig"; sourceTree = "<group>"; };
		9A1D2CED22BBADB500C311F3 /* ServiceLayer.swift */ = {isa = PBXFileReference; lastKnownFileType = sourcecode.swift; path = ServiceLayer.swift; sourceTree = "<group>"; };
		9A62848122BA4BC000EDDEBF /* IotBlue.app */ = {isa = PBXFileReference; explicitFileType = wrapper.application; includeInIndex = 0; path = IotBlue.app; sourceTree = BUILT_PRODUCTS_DIR; };
		9A62848422BA4BC100EDDEBF /* AppDelegate.swift */ = {isa = PBXFileReference; lastKnownFileType = sourcecode.swift; path = AppDelegate.swift; sourceTree = "<group>"; };
		9A62848922BA4BC200EDDEBF /* Base */ = {isa = PBXFileReference; lastKnownFileType = file.storyboard; name = Base; path = Base.lproj/Main.storyboard; sourceTree = "<group>"; };
		9A62848C22BA4BC200EDDEBF /* IotBlue.xcdatamodel */ = {isa = PBXFileReference; lastKnownFileType = wrapper.xcdatamodel; path = IotBlue.xcdatamodel; sourceTree = "<group>"; };
		9A62848E22BA4BC200EDDEBF /* Assets.xcassets */ = {isa = PBXFileReference; lastKnownFileType = folder.assetcatalog; path = Assets.xcassets; sourceTree = "<group>"; };
		9A62849122BA4BC200EDDEBF /* Base */ = {isa = PBXFileReference; lastKnownFileType = file.storyboard; name = Base; path = Base.lproj/LaunchScreen.storyboard; sourceTree = "<group>"; };
		9A62849322BA4BC200EDDEBF /* Info.plist */ = {isa = PBXFileReference; lastKnownFileType = text.plist.xml; path = Info.plist; sourceTree = "<group>"; };
		9A62849822BA4BC300EDDEBF /* IotBlueTests.xctest */ = {isa = PBXFileReference; explicitFileType = wrapper.cfbundle; includeInIndex = 0; path = IotBlueTests.xctest; sourceTree = BUILT_PRODUCTS_DIR; };
		9A62849C22BA4BC300EDDEBF /* IotBlueTests.swift */ = {isa = PBXFileReference; lastKnownFileType = sourcecode.swift; path = IotBlueTests.swift; sourceTree = "<group>"; };
		9A62849E22BA4BC300EDDEBF /* Info.plist */ = {isa = PBXFileReference; lastKnownFileType = text.plist.xml; path = Info.plist; sourceTree = "<group>"; };
		9A6284A322BA4BC300EDDEBF /* IotBlueUITests.xctest */ = {isa = PBXFileReference; explicitFileType = wrapper.cfbundle; includeInIndex = 0; path = IotBlueUITests.xctest; sourceTree = BUILT_PRODUCTS_DIR; };
		9A6284A722BA4BC400EDDEBF /* IotBlueUITests.swift */ = {isa = PBXFileReference; lastKnownFileType = sourcecode.swift; path = IotBlueUITests.swift; sourceTree = "<group>"; };
		9A6284A922BA4BC400EDDEBF /* Info.plist */ = {isa = PBXFileReference; lastKnownFileType = text.plist.xml; path = Info.plist; sourceTree = "<group>"; };
		9A6284B922BA5DEB00EDDEBF /* MapView.swift */ = {isa = PBXFileReference; fileEncoding = 4; lastKnownFileType = sourcecode.swift; path = MapView.swift; sourceTree = "<group>"; };
		9A6284BB22BA5E1800EDDEBF /* BookMarksView.swift */ = {isa = PBXFileReference; lastKnownFileType = sourcecode.swift; path = BookMarksView.swift; sourceTree = "<group>"; };
		9A6284BD22BA608A00EDDEBF /* DetailsView.swift */ = {isa = PBXFileReference; lastKnownFileType = sourcecode.swift; path = DetailsView.swift; sourceTree = "<group>"; };
		9ACE805222BBBDBB008D73ED /* MapController.swift */ = {isa = PBXFileReference; lastKnownFileType = sourcecode.swift; path = MapController.swift; sourceTree = "<group>"; };
		9ACE805422BBC0AC008D73ED /* BookMarksController.swift */ = {isa = PBXFileReference; lastKnownFileType = sourcecode.swift; path = BookMarksController.swift; sourceTree = "<group>"; };
		9ACE805622BBC26E008D73ED /* DetailsController.swift */ = {isa = PBXFileReference; lastKnownFileType = sourcecode.swift; path = DetailsController.swift; sourceTree = "<group>"; };
		A65008A83A7616D04EDC2B42 /* Pods-IotBlueUITests.debug.xcconfig */ = {isa = PBXFileReference; includeInIndex = 1; lastKnownFileType = text.xcconfig; name = "Pods-IotBlueUITests.debug.xcconfig"; path = "Pods/Target Support Files/Pods-IotBlueUITests/Pods-IotBlueUITests.debug.xcconfig"; sourceTree = "<group>"; };
		B5157A61A42D66CA348EA88D /* Pods-IotBlueUITests.release.xcconfig */ = {isa = PBXFileReference; includeInIndex = 1; lastKnownFileType = text.xcconfig; name = "Pods-IotBlueUITests.release.xcconfig"; path = "Pods/Target Support Files/Pods-IotBlueUITests/Pods-IotBlueUITests.release.xcconfig"; sourceTree = "<group>"; };
		B75C83109732153EF3BEBEC7 /* Pods-IotBlue.debug.xcconfig */ = {isa = PBXFileReference; includeInIndex = 1; lastKnownFileType = text.xcconfig; name = "Pods-IotBlue.debug.xcconfig"; path = "Pods/Target Support Files/Pods-IotBlue/Pods-IotBlue.debug.xcconfig"; sourceTree = "<group>"; };
/* End PBXFileReference section */

/* Begin PBXFrameworksBuildPhase section */
		9A62847E22BA4BC000EDDEBF /* Frameworks */ = {
			isa = PBXFrameworksBuildPhase;
			buildActionMask = 2147483647;
			files = (
				DC616D4FF8967E91305FF9A5 /* Pods_IotBlue.framework in Frameworks */,
			);
			runOnlyForDeploymentPostprocessing = 0;
		};
		9A62849522BA4BC300EDDEBF /* Frameworks */ = {
			isa = PBXFrameworksBuildPhase;
			buildActionMask = 2147483647;
			files = (
				9FF21E914D34F5AF7E6FA416 /* Pods_IotBlueTests.framework in Frameworks */,
			);
			runOnlyForDeploymentPostprocessing = 0;
		};
		9A6284A022BA4BC300EDDEBF /* Frameworks */ = {
			isa = PBXFrameworksBuildPhase;
			buildActionMask = 2147483647;
			files = (
				1A34033FCB98693389DE50F7 /* Pods_IotBlueUITests.framework in Frameworks */,
			);
			runOnlyForDeploymentPostprocessing = 0;
		};
/* End PBXFrameworksBuildPhase section */

/* Begin PBXGroup section */
		15BD39103ADC671D55F942F2 /* Pods */ = {
			isa = PBXGroup;
			children = (
				B75C83109732153EF3BEBEC7 /* Pods-IotBlue.debug.xcconfig */,
				0909F0BE845FA93489BAA0BA /* Pods-IotBlue.release.xcconfig */,
				7C08BC5B024BDBC0E78C7CA4 /* Pods-IotBlueTests.debug.xcconfig */,
				57159FEAC272C2D374B1A286 /* Pods-IotBlueTests.release.xcconfig */,
				A65008A83A7616D04EDC2B42 /* Pods-IotBlueUITests.debug.xcconfig */,
				B5157A61A42D66CA348EA88D /* Pods-IotBlueUITests.release.xcconfig */,
			);
			name = Pods;
			sourceTree = "<group>";
		};
		9A62847822BA4BBF00EDDEBF = {
			isa = PBXGroup;
			children = (
				9A62848322BA4BC000EDDEBF /* IotBlue */,
				9A62849B22BA4BC300EDDEBF /* IotBlueTests */,
				9A6284A622BA4BC300EDDEBF /* IotBlueUITests */,
				9A62848222BA4BC000EDDEBF /* Products */,
				15BD39103ADC671D55F942F2 /* Pods */,
				9E218172341174174E656B16 /* Frameworks */,
			);
			sourceTree = "<group>";
		};
		9A62848222BA4BC000EDDEBF /* Products */ = {
			isa = PBXGroup;
			children = (
				9A62848122BA4BC000EDDEBF /* IotBlue.app */,
				9A62849822BA4BC300EDDEBF /* IotBlueTests.xctest */,
				9A6284A322BA4BC300EDDEBF /* IotBlueUITests.xctest */,
			);
			name = Products;
			sourceTree = "<group>";
		};
		9A62848322BA4BC000EDDEBF /* IotBlue */ = {
			isa = PBXGroup;
			children = (
				9A62848422BA4BC100EDDEBF /* AppDelegate.swift */,
				9A62849322BA4BC200EDDEBF /* Info.plist */,
				9ACE805C22BBC3CC008D73ED /* views */,
				9ACE805B22BBC3B9008D73ED /* controllers */,
				9ACE805822BBC361008D73ED /* data */,
			);
			path = IotBlue;
			sourceTree = "<group>";
		};
		9A62849B22BA4BC300EDDEBF /* IotBlueTests */ = {
			isa = PBXGroup;
			children = (
				9A62849C22BA4BC300EDDEBF /* IotBlueTests.swift */,
				9A62849E22BA4BC300EDDEBF /* Info.plist */,
			);
			path = IotBlueTests;
			sourceTree = "<group>";
		};
		9A6284A622BA4BC300EDDEBF /* IotBlueUITests */ = {
			isa = PBXGroup;
			children = (
				9A6284A722BA4BC400EDDEBF /* IotBlueUITests.swift */,
				9A6284A922BA4BC400EDDEBF /* Info.plist */,
			);
			path = IotBlueUITests;
			sourceTree = "<group>";
		};
		9ACE805822BBC361008D73ED /* data */ = {
			isa = PBXGroup;
			children = (
				9ACE805A22BBC370008D73ED /* local */,
				9ACE805922BBC36A008D73ED /* remote */,
			);
			path = data;
			sourceTree = "<group>";
		};
		9ACE805922BBC36A008D73ED /* remote */ = {
			isa = PBXGroup;
			children = (
				9A1D2CED22BBADB500C311F3 /* ServiceLayer.swift */,
			);
			path = remote;
			sourceTree = "<group>";
		};
		9ACE805A22BBC370008D73ED /* local */ = {
			isa = PBXGroup;
			children = (
				9A62848B22BA4BC200EDDEBF /* IotBlue.xcdatamodeld */,
			);
			path = local;
			sourceTree = "<group>";
		};
		9ACE805B22BBC3B9008D73ED /* controllers */ = {
			isa = PBXGroup;
			children = (
				9ACE805222BBBDBB008D73ED /* MapController.swift */,
				9ACE805422BBC0AC008D73ED /* BookMarksController.swift */,
				9ACE805622BBC26E008D73ED /* DetailsController.swift */,
			);
			path = controllers;
			sourceTree = "<group>";
		};
		9ACE805C22BBC3CC008D73ED /* views */ = {
			isa = PBXGroup;
			children = (
				9ACE805D22BBC3ED008D73ED /* storyboards */,
				9A6284B922BA5DEB00EDDEBF /* MapView.swift */,
				9A6284BB22BA5E1800EDDEBF /* BookMarksView.swift */,
				9A6284BD22BA608A00EDDEBF /* DetailsView.swift */,
			);
			path = views;
			sourceTree = "<group>";
		};
		9ACE805D22BBC3ED008D73ED /* storyboards */ = {
			isa = PBXGroup;
			children = (
				9A62848822BA4BC200EDDEBF /* Main.storyboard */,
				9A62848E22BA4BC200EDDEBF /* Assets.xcassets */,
				9A62849022BA4BC200EDDEBF /* LaunchScreen.storyboard */,
			);
			path = storyboards;
			sourceTree = "<group>";
		};
		9E218172341174174E656B16 /* Frameworks */ = {
			isa = PBXGroup;
			children = (
				14E55475EDFCA4DF87B3BADD /* Pods_IotBlue.framework */,
				7097BFA812C728A9C42DAF71 /* Pods_IotBlueTests.framework */,
				769BA09C498154AA466B9BC8 /* Pods_IotBlueUITests.framework */,
			);
			name = Frameworks;
			sourceTree = "<group>";
		};
/* End PBXGroup section */

/* Begin PBXNativeTarget section */
		9A62848022BA4BC000EDDEBF /* IotBlue */ = {
			isa = PBXNativeTarget;
			buildConfigurationList = 9A6284AC22BA4BC400EDDEBF /* Build configuration list for PBXNativeTarget "IotBlue" */;
			buildPhases = (
				092A296D803169008EC262BD /* [CP] Check Pods Manifest.lock */,
				9A62847D22BA4BC000EDDEBF /* Sources */,
				9A62847E22BA4BC000EDDEBF /* Frameworks */,
				9A62847F22BA4BC000EDDEBF /* Resources */,
				CBB95F96062A3E9F7F251E66 /* [CP] Embed Pods Frameworks */,
			);
			buildRules = (
			);
			dependencies = (
			);
			name = IotBlue;
			productName = IotBlue;
			productReference = 9A62848122BA4BC000EDDEBF /* IotBlue.app */;
			productType = "com.apple.product-type.application";
		};
		9A62849722BA4BC300EDDEBF /* IotBlueTests */ = {
			isa = PBXNativeTarget;
			buildConfigurationList = 9A6284AF22BA4BC400EDDEBF /* Build configuration list for PBXNativeTarget "IotBlueTests" */;
			buildPhases = (
				74A75C4EC4982B2DE2EA5DE1 /* [CP] Check Pods Manifest.lock */,
				9A62849422BA4BC300EDDEBF /* Sources */,
				9A62849522BA4BC300EDDEBF /* Frameworks */,
				9A62849622BA4BC300EDDEBF /* Resources */,
			);
			buildRules = (
			);
			dependencies = (
				9A62849A22BA4BC300EDDEBF /* PBXTargetDependency */,
			);
			name = IotBlueTests;
			productName = IotBlueTests;
			productReference = 9A62849822BA4BC300EDDEBF /* IotBlueTests.xctest */;
			productType = "com.apple.product-type.bundle.unit-test";
		};
		9A6284A222BA4BC300EDDEBF /* IotBlueUITests */ = {
			isa = PBXNativeTarget;
			buildConfigurationList = 9A6284B222BA4BC400EDDEBF /* Build configuration list for PBXNativeTarget "IotBlueUITests" */;
			buildPhases = (
				BA57FDA2DD209CC76BE667ED /* [CP] Check Pods Manifest.lock */,
				9A62849F22BA4BC300EDDEBF /* Sources */,
				9A6284A022BA4BC300EDDEBF /* Frameworks */,
				9A6284A122BA4BC300EDDEBF /* Resources */,
			);
			buildRules = (
			);
			dependencies = (
				9A6284A522BA4BC300EDDEBF /* PBXTargetDependency */,
			);
			name = IotBlueUITests;
			productName = IotBlueUITests;
			productReference = 9A6284A322BA4BC300EDDEBF /* IotBlueUITests.xctest */;
			productType = "com.apple.product-type.bundle.ui-testing";
		};
/* End PBXNativeTarget section */

/* Begin PBXProject section */
		9A62847922BA4BC000EDDEBF /* Project object */ = {
			isa = PBXProject;
			attributes = {
				LastSwiftUpdateCheck = 0910;
				LastUpgradeCheck = 0910;
				ORGANIZATIONNAME = Nagiz;
				TargetAttributes = {
					9A62848022BA4BC000EDDEBF = {
						CreatedOnToolsVersion = 9.1;
						ProvisioningStyle = Automatic;
					};
					9A62849722BA4BC300EDDEBF = {
						CreatedOnToolsVersion = 9.1;
						ProvisioningStyle = Automatic;
						TestTargetID = 9A62848022BA4BC000EDDEBF;
					};
					9A6284A222BA4BC300EDDEBF = {
						CreatedOnToolsVersion = 9.1;
						ProvisioningStyle = Automatic;
						TestTargetID = 9A62848022BA4BC000EDDEBF;
					};
				};
			};
			buildConfigurationList = 9A62847C22BA4BC000EDDEBF /* Build configuration list for PBXProject "IotBlue" */;
			compatibilityVersion = "Xcode 8.0";
			developmentRegion = en;
			hasScannedForEncodings = 0;
			knownRegions = (
				en,
				Base,
			);
			mainGroup = 9A62847822BA4BBF00EDDEBF;
			productRefGroup = 9A62848222BA4BC000EDDEBF /* Products */;
			projectDirPath = "";
			projectRoot = "";
			targets = (
				9A62848022BA4BC000EDDEBF /* IotBlue */,
				9A62849722BA4BC300EDDEBF /* IotBlueTests */,
				9A6284A222BA4BC300EDDEBF /* IotBlueUITests */,
			);
		};
/* End PBXProject section */

/* Begin PBXResourcesBuildPhase section */
		9A62847F22BA4BC000EDDEBF /* Resources */ = {
			isa = PBXResourcesBuildPhase;
			buildActionMask = 2147483647;
			files = (
				9A62849222BA4BC200EDDEBF /* LaunchScreen.storyboard in Resources */,
				9A62848F22BA4BC200EDDEBF /* Assets.xcassets in Resources */,
				9A62848A22BA4BC200EDDEBF /* Main.storyboard in Resources */,
			);
			runOnlyForDeploymentPostprocessing = 0;
		};
		9A62849622BA4BC300EDDEBF /* Resources */ = {
			isa = PBXResourcesBuildPhase;
			buildActionMask = 2147483647;
			files = (
			);
			runOnlyForDeploymentPostprocessing = 0;
		};
		9A6284A122BA4BC300EDDEBF /* Resources */ = {
			isa = PBXResourcesBuildPhase;
			buildActionMask = 2147483647;
			files = (
			);
			runOnlyForDeploymentPostprocessing = 0;
		};
/* End PBXResourcesBuildPhase section */

/* Begin PBXShellScriptBuildPhase section */
		092A296D803169008EC262BD /* [CP] Check Pods Manifest.lock */ = {
			isa = PBXShellScriptBuildPhase;
			buildActionMask = 2147483647;
			files = (
			);
			inputPaths = (
				"${PODS_PODFILE_DIR_PATH}/Podfile.lock",
				"${PODS_ROOT}/Manifest.lock",
			);
			name = "[CP] Check Pods Manifest.lock";
			outputPaths = (
				"$(DERIVED_FILE_DIR)/Pods-IotBlue-checkManifestLockResult.txt",
			);
			runOnlyForDeploymentPostprocessing = 0;
			shellPath = /bin/sh;
			shellScript = "diff \"${PODS_PODFILE_DIR_PATH}/Podfile.lock\" \"${PODS_ROOT}/Manifest.lock\" > /dev/null\nif [ $? != 0 ] ; then\n    # print error to STDERR\n    echo \"error: The sandbox is not in sync with the Podfile.lock. Run 'pod install' or update your CocoaPods installation.\" >&2\n    exit 1\nfi\n# This output is used by Xcode 'outputs' to avoid re-running this script phase.\necho \"SUCCESS\" > \"${SCRIPT_OUTPUT_FILE_0}\"\n";
			showEnvVarsInLog = 0;
		};
		74A75C4EC4982B2DE2EA5DE1 /* [CP] Check Pods Manifest.lock */ = {
			isa = PBXShellScriptBuildPhase;
			buildActionMask = 2147483647;
			files = (
			);
			inputPaths = (
				"${PODS_PODFILE_DIR_PATH}/Podfile.lock",
				"${PODS_ROOT}/Manifest.lock",
			);
			name = "[CP] Check Pods Manifest.lock";
			outputPaths = (
				"$(DERIVED_FILE_DIR)/Pods-IotBlueTests-checkManifestLockResult.txt",
			);
			runOnlyForDeploymentPostprocessing = 0;
			shellPath = /bin/sh;
			shellScript = "diff \"${PODS_PODFILE_DIR_PATH}/Podfile.lock\" \"${PODS_ROOT}/Manifest.lock\" > /dev/null\nif [ $? != 0 ] ; then\n    # print error to STDERR\n    echo \"error: The sandbox is not in sync with the Podfile.lock. Run 'pod install' or update your CocoaPods installation.\" >&2\n    exit 1\nfi\n# This output is used by Xcode 'outputs' to avoid re-running this script phase.\necho \"SUCCESS\" > \"${SCRIPT_OUTPUT_FILE_0}\"\n";
			showEnvVarsInLog = 0;
		};
		BA57FDA2DD209CC76BE667ED /* [CP] Check Pods Manifest.lock */ = {
			isa = PBXShellScriptBuildPhase;
			buildActionMask = 2147483647;
			files = (
			);
			inputPaths = (
				"${PODS_PODFILE_DIR_PATH}/Podfile.lock",
				"${PODS_ROOT}/Manifest.lock",
			);
			name = "[CP] Check Pods Manifest.lock";
			outputPaths = (
				"$(DERIVED_FILE_DIR)/Pods-IotBlueUITests-checkManifestLockResult.txt",
			);
			runOnlyForDeploymentPostprocessing = 0;
			shellPath = /bin/sh;
			shellScript = "diff \"${PODS_PODFILE_DIR_PATH}/Podfile.lock\" \"${PODS_ROOT}/Manifest.lock\" > /dev/null\nif [ $? != 0 ] ; then\n    # print error to STDERR\n    echo \"error: The sandbox is not in sync with the Podfile.lock. Run 'pod install' or update your CocoaPods installation.\" >&2\n    exit 1\nfi\n# This output is used by Xcode 'outputs' to avoid re-running this script phase.\necho \"SUCCESS\" > \"${SCRIPT_OUTPUT_FILE_0}\"\n";
			showEnvVarsInLog = 0;
		};
		CBB95F96062A3E9F7F251E66 /* [CP] Embed Pods Frameworks */ = {
			isa = PBXShellScriptBuildPhase;
			buildActionMask = 2147483647;
			files = (
			);
			inputPaths = (
				"${SRCROOT}/Pods/Target Support Files/Pods-IotBlue/Pods-IotBlue-frameworks.sh",
				"${BUILT_PRODUCTS_DIR}/SwipeCellKit/SwipeCellKit.framework",
			);
			name = "[CP] Embed Pods Frameworks";
			outputPaths = (
				"${TARGET_BUILD_DIR}/${FRAMEWORKS_FOLDER_PATH}/SwipeCellKit.framework",
			);
			runOnlyForDeploymentPostprocessing = 0;
			shellPath = /bin/sh;
			shellScript = "\"${SRCROOT}/Pods/Target Support Files/Pods-IotBlue/Pods-IotBlue-frameworks.sh\"\n";
			showEnvVarsInLog = 0;
		};
/* End PBXShellScriptBuildPhase section */

/* Begin PBXSourcesBuildPhase section */
		9A62847D22BA4BC000EDDEBF /* Sources */ = {
			isa = PBXSourcesBuildPhase;
			buildActionMask = 2147483647;
			files = (
				9A62848D22BA4BC200EDDEBF /* IotBlue.xcdatamodeld in Sources */,
				9ACE805722BBC26E008D73ED /* DetailsController.swift in Sources */,
				9ACE805522BBC0AC008D73ED /* BookMarksController.swift in Sources */,
				9ACE805322BBBDBB008D73ED /* MapController.swift in Sources */,
				9A1D2CEE22BBADB500C311F3 /* ServiceLayer.swift in Sources */,
				9A6284BE22BA608A00EDDEBF /* DetailsView.swift in Sources */,
				9A6284BA22BA5DEB00EDDEBF /* MapView.swift in Sources */,
				9A6284BC22BA5E1800EDDEBF /* BookMarksView.swift in Sources */,
				9A62848522BA4BC200EDDEBF /* AppDelegate.swift in Sources */,
			);
			runOnlyForDeploymentPostprocessing = 0;
		};
		9A62849422BA4BC300EDDEBF /* Sources */ = {
			isa = PBXSourcesBuildPhase;
			buildActionMask = 2147483647;
			files = (
				9A62849D22BA4BC300EDDEBF /* IotBlueTests.swift in Sources */,
			);
			runOnlyForDeploymentPostprocessing = 0;
		};
		9A62849F22BA4BC300EDDEBF /* Sources */ = {
			isa = PBXSourcesBuildPhase;
			buildActionMask = 2147483647;
			files = (
				9A6284A822BA4BC400EDDEBF /* IotBlueUITests.swift in Sources */,
			);
			runOnlyForDeploymentPostprocessing = 0;
		};
/* End PBXSourcesBuildPhase section */

/* Begin PBXTargetDependency section */
		9A62849A22BA4BC300EDDEBF /* PBXTargetDependency */ = {
			isa = PBXTargetDependency;
			target = 9A62848022BA4BC000EDDEBF /* IotBlue */;
			targetProxy = 9A62849922BA4BC300EDDEBF /* PBXContainerItemProxy */;
		};
		9A6284A522BA4BC300EDDEBF /* PBXTargetDependency */ = {
			isa = PBXTargetDependency;
			target = 9A62848022BA4BC000EDDEBF /* IotBlue */;
			targetProxy = 9A6284A422BA4BC300EDDEBF /* PBXContainerItemProxy */;
		};
/* End PBXTargetDependency section */

/* Begin PBXVariantGroup section */
		9A62848822BA4BC200EDDEBF /* Main.storyboard */ = {
			isa = PBXVariantGroup;
			children = (
				9A62848922BA4BC200EDDEBF /* Base */,
			);
			name = Main.storyboard;
			sourceTree = "<group>";
		};
		9A62849022BA4BC200EDDEBF /* LaunchScreen.storyboard */ = {
			isa = PBXVariantGroup;
			children = (
				9A62849122BA4BC200EDDEBF /* Base */,
			);
			name = LaunchScreen.storyboard;
			sourceTree = "<group>";
		};
/* End PBXVariantGroup section */

/* Begin XCBuildConfiguration section */
		9A6284AA22BA4BC400EDDEBF /* Debug */ = {
			isa = XCBuildConfiguration;
			buildSettings = {
				ALWAYS_SEARCH_USER_PATHS = NO;
				CLANG_ANALYZER_NONNULL = YES;
				CLANG_ANALYZER_NUMBER_OBJECT_CONVERSION = YES_AGGRESSIVE;
				CLANG_CXX_LANGUAGE_STANDARD = "gnu++14";
				CLANG_CXX_LIBRARY = "libc++";
				CLANG_ENABLE_MODULES = YES;
				CLANG_ENABLE_OBJC_ARC = YES;
				CLANG_WARN_BLOCK_CAPTURE_AUTORELEASING = YES;
				CLANG_WARN_BOOL_CONVERSION = YES;
				CLANG_WARN_COMMA = YES;
				CLANG_WARN_CONSTANT_CONVERSION = YES;
				CLANG_WARN_DIRECT_OBJC_ISA_USAGE = YES_ERROR;
				CLANG_WARN_DOCUMENTATION_COMMENTS = YES;
				CLANG_WARN_EMPTY_BODY = YES;
				CLANG_WARN_ENUM_CONVERSION = YES;
				CLANG_WARN_INFINITE_RECURSION = YES;
				CLANG_WARN_INT_CONVERSION = YES;
				CLANG_WARN_NON_LITERAL_NULL_CONVERSION = YES;
				CLANG_WARN_OBJC_LITERAL_CONVERSION = YES;
				CLANG_WARN_OBJC_ROOT_CLASS = YES_ERROR;
				CLANG_WARN_RANGE_LOOP_ANALYSIS = YES;
				CLANG_WARN_STRICT_PROTOTYPES = YES;
				CLANG_WARN_SUSPICIOUS_MOVE = YES;
				CLANG_WARN_UNGUARDED_AVAILABILITY = YES_AGGRESSIVE;
				CLANG_WARN_UNREACHABLE_CODE = YES;
				CLANG_WARN__DUPLICATE_METHOD_MATCH = YES;
				CODE_SIGN_IDENTITY = "iPhone Developer";
				COPY_PHASE_STRIP = NO;
				DEBUG_INFORMATION_FORMAT = dwarf;
				ENABLE_STRICT_OBJC_MSGSEND = YES;
				ENABLE_TESTABILITY = YES;
				GCC_C_LANGUAGE_STANDARD = gnu11;
				GCC_DYNAMIC_NO_PIC = NO;
				GCC_NO_COMMON_BLOCKS = YES;
				GCC_OPTIMIZATION_LEVEL = 0;
				GCC_PREPROCESSOR_DEFINITIONS = (
					"DEBUG=1",
					"$(inherited)",
				);
				GCC_WARN_64_TO_32_BIT_CONVERSION = YES;
				GCC_WARN_ABOUT_RETURN_TYPE = YES_ERROR;
				GCC_WARN_UNDECLARED_SELECTOR = YES;
				GCC_WARN_UNINITIALIZED_AUTOS = YES_AGGRESSIVE;
				GCC_WARN_UNUSED_FUNCTION = YES;
				GCC_WARN_UNUSED_VARIABLE = YES;
				IPHONEOS_DEPLOYMENT_TARGET = 11.1;
				MTL_ENABLE_DEBUG_INFO = YES;
				ONLY_ACTIVE_ARCH = YES;
				SDKROOT = iphoneos;
				SWIFT_ACTIVE_COMPILATION_CONDITIONS = DEBUG;
				SWIFT_OPTIMIZATION_LEVEL = "-Onone";
			};
			name = Debug;
		};
		9A6284AB22BA4BC400EDDEBF /* Release */ = {
			isa = XCBuildConfiguration;
			buildSettings = {
				ALWAYS_SEARCH_USER_PATHS = NO;
				CLANG_ANALYZER_NONNULL = YES;
				CLANG_ANALYZER_NUMBER_OBJECT_CONVERSION = YES_AGGRESSIVE;
				CLANG_CXX_LANGUAGE_STANDARD = "gnu++14";
				CLANG_CXX_LIBRARY = "libc++";
				CLANG_ENABLE_MODULES = YES;
				CLANG_ENABLE_OBJC_ARC = YES;
				CLANG_WARN_BLOCK_CAPTURE_AUTORELEASING = YES;
				CLANG_WARN_BOOL_CONVERSION = YES;
				CLANG_WARN_COMMA = YES;
				CLANG_WARN_CONSTANT_CONVERSION = YES;
				CLANG_WARN_DIRECT_OBJC_ISA_USAGE = YES_ERROR;
				CLANG_WARN_DOCUMENTATION_COMMENTS = YES;
				CLANG_WARN_EMPTY_BODY = YES;
				CLANG_WARN_ENUM_CONVERSION = YES;
				CLANG_WARN_INFINITE_RECURSION = YES;
				CLANG_WARN_INT_CONVERSION = YES;
				CLANG_WARN_NON_LITERAL_NULL_CONVERSION = YES;
				CLANG_WARN_OBJC_LITERAL_CONVERSION = YES;
				CLANG_WARN_OBJC_ROOT_CLASS = YES_ERROR;
				CLANG_WARN_RANGE_LOOP_ANALYSIS = YES;
				CLANG_WARN_STRICT_PROTOTYPES = YES;
				CLANG_WARN_SUSPICIOUS_MOVE = YES;
				CLANG_WARN_UNGUARDED_AVAILABILITY = YES_AGGRESSIVE;
				CLANG_WARN_UNREACHABLE_CODE = YES;
				CLANG_WARN__DUPLICATE_METHOD_MATCH = YES;
				CODE_SIGN_IDENTITY = "iPhone Developer";
				COPY_PHASE_STRIP = NO;
				DEBUG_INFORMATION_FORMAT = "dwarf-with-dsym";
				ENABLE_NS_ASSERTIONS = NO;
				ENABLE_STRICT_OBJC_MSGSEND = YES;
				GCC_C_LANGUAGE_STANDARD = gnu11;
				GCC_NO_COMMON_BLOCKS = YES;
				GCC_WARN_64_TO_32_BIT_CONVERSION = YES;
				GCC_WARN_ABOUT_RETURN_TYPE = YES_ERROR;
				GCC_WARN_UNDECLARED_SELECTOR = YES;
				GCC_WARN_UNINITIALIZED_AUTOS = YES_AGGRESSIVE;
				GCC_WARN_UNUSED_FUNCTION = YES;
				GCC_WARN_UNUSED_VARIABLE = YES;
				IPHONEOS_DEPLOYMENT_TARGET = 11.1;
				MTL_ENABLE_DEBUG_INFO = NO;
				SDKROOT = iphoneos;
				SWIFT_OPTIMIZATION_LEVEL = "-Owholemodule";
				VALIDATE_PRODUCT = YES;
			};
			name = Release;
		};
		9A6284AD22BA4BC400EDDEBF /* Debug */ = {
			isa = XCBuildConfiguration;
			baseConfigurationReference = B75C83109732153EF3BEBEC7 /* Pods-IotBlue.debug.xcconfig */;
			buildSettings = {
				ASSETCATALOG_COMPILER_APPICON_NAME = AppIcon;
				CODE_SIGN_STYLE = Automatic;
				INFOPLIST_FILE = IotBlue/Info.plist;
				LD_RUNPATH_SEARCH_PATHS = "$(inherited) @executable_path/Frameworks";
				PRODUCT_BUNDLE_IDENTIFIER = com.Nagiz.IotBlue;
				PRODUCT_NAME = "$(TARGET_NAME)";
				SWIFT_VERSION = 4.0;
				TARGETED_DEVICE_FAMILY = 1;
			};
			name = Debug;
		};
		9A6284AE22BA4BC400EDDEBF /* Release */ = {
			isa = XCBuildConfiguration;
			baseConfigurationReference = 0909F0BE845FA93489BAA0BA /* Pods-IotBlue.release.xcconfig */;
			buildSettings = {
				ASSETCATALOG_COMPILER_APPICON_NAME = AppIcon;
				CODE_SIGN_STYLE = Automatic;
				INFOPLIST_FILE = IotBlue/Info.plist;
				LD_RUNPATH_SEARCH_PATHS = "$(inherited) @executable_path/Frameworks";
				PRODUCT_BUNDLE_IDENTIFIER = com.Nagiz.IotBlue;
				PRODUCT_NAME = "$(TARGET_NAME)";
				SWIFT_VERSION = 4.0;
				TARGETED_DEVICE_FAMILY = 1;
			};
			name = Release;
		};
		9A6284B022BA4BC400EDDEBF /* Debug */ = {
			isa = XCBuildConfiguration;
			baseConfigurationReference = 7C08BC5B024BDBC0E78C7CA4 /* Pods-IotBlueTests.debug.xcconfig */;
			buildSettings = {
				ALWAYS_EMBED_SWIFT_STANDARD_LIBRARIES = YES;
				BUNDLE_LOADER = "$(TEST_HOST)";
				CODE_SIGN_STYLE = Automatic;
				INFOPLIST_FILE = IotBlueTests/Info.plist;
				LD_RUNPATH_SEARCH_PATHS = "$(inherited) @executable_path/Frameworks @loader_path/Frameworks";
				PRODUCT_BUNDLE_IDENTIFIER = com.Nagiz.IotBlueTests;
				PRODUCT_NAME = "$(TARGET_NAME)";
				SWIFT_VERSION = 4.0;
				TARGETED_DEVICE_FAMILY = "1,2";
				TEST_HOST = "$(BUILT_PRODUCTS_DIR)/IotBlue.app/IotBlue";
			};
			name = Debug;
		};
		9A6284B122BA4BC400EDDEBF /* Release */ = {
			isa = XCBuildConfiguration;
			baseConfigurationReference = 57159FEAC272C2D374B1A286 /* Pods-IotBlueTests.release.xcconfig */;
			buildSettings = {
				ALWAYS_EMBED_SWIFT_STANDARD_LIBRARIES = YES;
				BUNDLE_LOADER = "$(TEST_HOST)";
				CODE_SIGN_STYLE = Automatic;
				INFOPLIST_FILE = IotBlueTests/Info.plist;
				LD_RUNPATH_SEARCH_PATHS = "$(inherited) @executable_path/Frameworks @loader_path/Frameworks";
				PRODUCT_BUNDLE_IDENTIFIER = com.Nagiz.IotBlueTests;
				PRODUCT_NAME = "$(TARGET_NAME)";
				SWIFT_VERSION = 4.0;
				TARGETED_DEVICE_FAMILY = "1,2";
				TEST_HOST = "$(BUILT_PRODUCTS_DIR)/IotBlue.app/IotBlue";
			};
			name = Release;
		};
		9A6284B322BA4BC400EDDEBF /* Debug */ = {
			isa = XCBuildConfiguration;
			baseConfigurationReference = A65008A83A7616D04EDC2B42 /* Pods-IotBlueUITests.debug.xcconfig */;
			buildSettings = {
				ALWAYS_EMBED_SWIFT_STANDARD_LIBRARIES = YES;
				CODE_SIGN_STYLE = Automatic;
				INFOPLIST_FILE = IotBlueUITests/Info.plist;
				LD_RUNPATH_SEARCH_PATHS = "$(inherited) @executable_path/Frameworks @loader_path/Frameworks";
				PRODUCT_BUNDLE_IDENTIFIER = com.Nagiz.IotBlueUITests;
				PRODUCT_NAME = "$(TARGET_NAME)";
				SWIFT_VERSION = 4.0;
				TARGETED_DEVICE_FAMILY = "1,2";
				TEST_TARGET_NAME = IotBlue;
			};
			name = Debug;
		};
		9A6284B422BA4BC400EDDEBF /* Release */ = {
			isa = XCBuildConfiguration;
			baseConfigurationReference = B5157A61A42D66CA348EA88D /* Pods-IotBlueUITests.release.xcconfig */;
			buildSettings = {
				ALWAYS_EMBED_SWIFT_STANDARD_LIBRARIES = YES;
				CODE_SIGN_STYLE = Automatic;
				INFOPLIST_FILE = IotBlueUITests/Info.plist;
				LD_RUNPATH_SEARCH_PATHS = "$(inherited) @executable_path/Frameworks @loader_path/Frameworks";
				PRODUCT_BUNDLE_IDENTIFIER = com.Nagiz.IotBlueUITests;
				PRODUCT_NAME = "$(TARGET_NAME)";
				SWIFT_VERSION = 4.0;
				TARGETED_DEVICE_FAMILY = "1,2";
				TEST_TARGET_NAME = IotBlue;
			};
			name = Release;
		};
/* End XCBuildConfiguration section */

/* Begin XCConfigurationList section */
		9A62847C22BA4BC000EDDEBF /* Build configuration list for PBXProject "IotBlue" */ = {
			isa = XCConfigurationList;
			buildConfigurations = (
				9A6284AA22BA4BC400EDDEBF /* Debug */,
				9A6284AB22BA4BC400EDDEBF /* Release */,
			);
			defaultConfigurationIsVisible = 0;
			defaultConfigurationName = Release;
		};
		9A6284AC22BA4BC400EDDEBF /* Build configuration list for PBXNativeTarget "IotBlue" */ = {
			isa = XCConfigurationList;
			buildConfigurations = (
				9A6284AD22BA4BC400EDDEBF /* Debug */,
				9A6284AE22BA4BC400EDDEBF /* Release */,
			);
			defaultConfigurationIsVisible = 0;
			defaultConfigurationName = Release;
		};
		9A6284AF22BA4BC400EDDEBF /* Build configuration list for PBXNativeTarget "IotBlueTests" */ = {
			isa = XCConfigurationList;
			buildConfigurations = (
				9A6284B022BA4BC400EDDEBF /* Debug */,
				9A6284B122BA4BC400EDDEBF /* Release */,
			);
			defaultConfigurationIsVisible = 0;
			defaultConfigurationName = Release;
		};
		9A6284B222BA4BC400EDDEBF /* Build configuration list for PBXNativeTarget "IotBlueUITests" */ = {
			isa = XCConfigurationList;
			buildConfigurations = (
				9A6284B322BA4BC400EDDEBF /* Debug */,
				9A6284B422BA4BC400EDDEBF /* Release */,
			);
			defaultConfigurationIsVisible = 0;
			defaultConfigurationName = Release;
		};
/* End XCConfigurationList section */

/* Begin XCVersionGroup section */
		9A62848B22BA4BC200EDDEBF /* IotBlue.xcdatamodeld */ = {
			isa = XCVersionGroup;
			children = (
				9A62848C22BA4BC200EDDEBF /* IotBlue.xcdatamodel */,
			);
			currentVersion = 9A62848C22BA4BC200EDDEBF /* IotBlue.xcdatamodel */;
			path = IotBlue.xcdatamodeld;
			sourceTree = "<group>";
			versionGroupType = wrapper.xcdatamodel;
		};
/* End XCVersionGroup section */
	};
	rootObject = 9A62847922BA4BC000EDDEBF /* Project object */;
}
